// !$*UTF8*$!
{
	archiveVersion = 1;
	classes = {
	};
	objectVersion = 56;
	objects = {

/* Begin PBXBuildFile section */
		C1023BFB29E0D258000B2E89 /* ColorExtension.swift in Sources */ = {isa = PBXBuildFile; fileRef = C1023BFA29E0D258000B2E89 /* ColorExtension.swift */; };
		C1023BFD29E0EAA5000B2E89 /* Source.swift in Sources */ = {isa = PBXBuildFile; fileRef = C1023BFC29E0EAA5000B2E89 /* Source.swift */; };
		C1023BFF29E11B91000B2E89 /* SourceCell.swift in Sources */ = {isa = PBXBuildFile; fileRef = C1023BFE29E11B91000B2E89 /* SourceCell.swift */; };
		C1023C0229E1226F000B2E89 /* Shuffle.swift in Sources */ = {isa = PBXBuildFile; fileRef = C1023C0129E1226F000B2E89 /* Shuffle.swift */; };
		C10A0CFE29D88A2500CB0952 /* Cell.swift in Sources */ = {isa = PBXBuildFile; fileRef = C10A0CFD29D88A2500CB0952 /* Cell.swift */; };
		C10A0D0629D88DB300CB0952 /* ViewModel.swift in Sources */ = {isa = PBXBuildFile; fileRef = C10A0D0529D88DB300CB0952 /* ViewModel.swift */; };
		C10A0D0829D88E0600CB0952 /* Board.swift in Sources */ = {isa = PBXBuildFile; fileRef = C10A0D0729D88E0600CB0952 /* Board.swift */; };
		C10BC4BD29E7504800A093EB /* CellData.swift in Sources */ = {isa = PBXBuildFile; fileRef = C10BC4BC29E7504800A093EB /* CellData.swift */; };
		C16EB9CE29DF80A500AFFED8 /* BlockExtension.swift in Sources */ = {isa = PBXBuildFile; fileRef = C16EB9CD29DF80A500AFFED8 /* BlockExtension.swift */; };
		C176A8B02A047B85001A29D6 /* StyledText.swift in Sources */ = {isa = PBXBuildFile; fileRef = C176A8AF2A047B85001A29D6 /* StyledText.swift */; };
		C18FC48729FC6FAA00D54336 /* Sudoku.swift in Sources */ = {isa = PBXBuildFile; fileRef = C18FC48629FC6FAA00D54336 /* Sudoku.swift */; };
		C19B15BD29F87C2600D885C0 /* xSudoku.swift in Sources */ = {isa = PBXBuildFile; fileRef = C19B15BC29F87C2600D885C0 /* xSudoku.swift */; };
		C19B15BF29F9A71300D885C0 /* xNode.swift in Sources */ = {isa = PBXBuildFile; fileRef = C19B15BE29F9A71300D885C0 /* xNode.swift */; };
		C19B15C129F9A78400D885C0 /* xColumnNode.swift in Sources */ = {isa = PBXBuildFile; fileRef = C19B15C029F9A78400D885C0 /* xColumnNode.swift */; };
		C19B15C329F9A81B00D885C0 /* xColumnID.swift in Sources */ = {isa = PBXBuildFile; fileRef = C19B15C229F9A81B00D885C0 /* xColumnID.swift */; };
		C19B15C529F9AA4200D885C0 /* xMain.swift in Sources */ = {isa = PBXBuildFile; fileRef = C19B15C429F9AA4200D885C0 /* xMain.swift */; };
		C19B15C729F9AB1400D885C0 /* xAlgorithmX.swift in Sources */ = {isa = PBXBuildFile; fileRef = C19B15C629F9AB1400D885C0 /* xAlgorithmX.swift */; };
		C1A0926929D66706007750FA /* SudokuGeneratorApp.swift in Sources */ = {isa = PBXBuildFile; fileRef = C1A0926829D66706007750FA /* SudokuGeneratorApp.swift */; };
		C1A0926B29D66706007750FA /* ContentView.swift in Sources */ = {isa = PBXBuildFile; fileRef = C1A0926A29D66706007750FA /* ContentView.swift */; };
		C1A0926D29D66707007750FA /* Assets.xcassets in Resources */ = {isa = PBXBuildFile; fileRef = C1A0926C29D66707007750FA /* Assets.xcassets */; };
		C1A0927029D66707007750FA /* Preview Assets.xcassets in Resources */ = {isa = PBXBuildFile; fileRef = C1A0926F29D66707007750FA /* Preview Assets.xcassets */; };
		C1C6823829F3A3C900146D2E /* Play.swift in Sources */ = {isa = PBXBuildFile; fileRef = C1C6823729F3A3C900146D2E /* Play.swift */; };
		C1C6823A29F3A41300146D2E /* Stack.swift in Sources */ = {isa = PBXBuildFile; fileRef = C1C6823929F3A41300146D2E /* Stack.swift */; };
		C1CD3D0429DCE56E00C1FF96 /* BoardExtension.swift in Sources */ = {isa = PBXBuildFile; fileRef = C1CD3D0329DCE56E00C1FF96 /* BoardExtension.swift */; };
		C1CD3D0829DCE5F400C1FF96 /* CellExtension.swift in Sources */ = {isa = PBXBuildFile; fileRef = C1CD3D0729DCE5F400C1FF96 /* CellExtension.swift */; };
		C1F008AC29DE41C00084D368 /* Block.swift in Sources */ = {isa = PBXBuildFile; fileRef = C1F008AB29DE41C00084D368 /* Block.swift */; };
/* End PBXBuildFile section */

/* Begin PBXFileReference section */
		C1023BFA29E0D258000B2E89 /* ColorExtension.swift */ = {isa = PBXFileReference; lastKnownFileType = sourcecode.swift; path = ColorExtension.swift; sourceTree = "<group>"; };
		C1023BFC29E0EAA5000B2E89 /* Source.swift */ = {isa = PBXFileReference; lastKnownFileType = sourcecode.swift; path = Source.swift; sourceTree = "<group>"; };
		C1023BFE29E11B91000B2E89 /* SourceCell.swift */ = {isa = PBXFileReference; lastKnownFileType = sourcecode.swift; path = SourceCell.swift; sourceTree = "<group>"; };
		C1023C0129E1226F000B2E89 /* Shuffle.swift */ = {isa = PBXFileReference; lastKnownFileType = sourcecode.swift; path = Shuffle.swift; sourceTree = "<group>"; };
		C10A0CFD29D88A2500CB0952 /* Cell.swift */ = {isa = PBXFileReference; lastKnownFileType = sourcecode.swift; path = Cell.swift; sourceTree = "<group>"; };
		C10A0D0529D88DB300CB0952 /* ViewModel.swift */ = {isa = PBXFileReference; lastKnownFileType = sourcecode.swift; path = ViewModel.swift; sourceTree = "<group>"; };
		C10A0D0729D88E0600CB0952 /* Board.swift */ = {isa = PBXFileReference; lastKnownFileType = sourcecode.swift; path = Board.swift; sourceTree = "<group>"; };
		C10BC4BC29E7504800A093EB /* CellData.swift */ = {isa = PBXFileReference; lastKnownFileType = sourcecode.swift; path = CellData.swift; sourceTree = "<group>"; };
		C16EB9CD29DF80A500AFFED8 /* BlockExtension.swift */ = {isa = PBXFileReference; lastKnownFileType = sourcecode.swift; path = BlockExtension.swift; sourceTree = "<group>"; };
		C176A8AF2A047B85001A29D6 /* StyledText.swift */ = {isa = PBXFileReference; lastKnownFileType = sourcecode.swift; path = StyledText.swift; sourceTree = "<group>"; };
		C18FC48629FC6FAA00D54336 /* Sudoku.swift */ = {isa = PBXFileReference; lastKnownFileType = sourcecode.swift; path = Sudoku.swift; sourceTree = "<group>"; };
		C19B15BC29F87C2600D885C0 /* xSudoku.swift */ = {isa = PBXFileReference; lastKnownFileType = sourcecode.swift; path = xSudoku.swift; sourceTree = "<group>"; };
		C19B15BE29F9A71300D885C0 /* xNode.swift */ = {isa = PBXFileReference; lastKnownFileType = sourcecode.swift; path = xNode.swift; sourceTree = "<group>"; };
		C19B15C029F9A78400D885C0 /* xColumnNode.swift */ = {isa = PBXFileReference; lastKnownFileType = sourcecode.swift; path = xColumnNode.swift; sourceTree = "<group>"; };
		C19B15C229F9A81B00D885C0 /* xColumnID.swift */ = {isa = PBXFileReference; lastKnownFileType = sourcecode.swift; path = xColumnID.swift; sourceTree = "<group>"; };
		C19B15C429F9AA4200D885C0 /* xMain.swift */ = {isa = PBXFileReference; lastKnownFileType = sourcecode.swift; path = xMain.swift; sourceTree = "<group>"; };
		C19B15C629F9AB1400D885C0 /* xAlgorithmX.swift */ = {isa = PBXFileReference; lastKnownFileType = sourcecode.swift; path = xAlgorithmX.swift; sourceTree = "<group>"; };
		C1A0926529D66706007750FA /* SudokuGenerator.app */ = {isa = PBXFileReference; explicitFileType = wrapper.application; includeInIndex = 0; path = SudokuGenerator.app; sourceTree = BUILT_PRODUCTS_DIR; };
		C1A0926829D66706007750FA /* SudokuGeneratorApp.swift */ = {isa = PBXFileReference; lastKnownFileType = sourcecode.swift; path = SudokuGeneratorApp.swift; sourceTree = "<group>"; };
		C1A0926A29D66706007750FA /* ContentView.swift */ = {isa = PBXFileReference; lastKnownFileType = sourcecode.swift; path = ContentView.swift; sourceTree = "<group>"; };
		C1A0926C29D66707007750FA /* Assets.xcassets */ = {isa = PBXFileReference; lastKnownFileType = folder.assetcatalog; path = Assets.xcassets; sourceTree = "<group>"; };
		C1A0926F29D66707007750FA /* Preview Assets.xcassets */ = {isa = PBXFileReference; lastKnownFileType = folder.assetcatalog; path = "Preview Assets.xcassets"; sourceTree = "<group>"; };
		C1C6823729F3A3C900146D2E /* Play.swift */ = {isa = PBXFileReference; lastKnownFileType = sourcecode.swift; path = Play.swift; sourceTree = "<group>"; };
		C1C6823929F3A41300146D2E /* Stack.swift */ = {isa = PBXFileReference; lastKnownFileType = sourcecode.swift; path = Stack.swift; sourceTree = "<group>"; };
		C1CD3D0329DCE56E00C1FF96 /* BoardExtension.swift */ = {isa = PBXFileReference; lastKnownFileType = sourcecode.swift; path = BoardExtension.swift; sourceTree = "<group>"; };
		C1CD3D0729DCE5F400C1FF96 /* CellExtension.swift */ = {isa = PBXFileReference; lastKnownFileType = sourcecode.swift; path = CellExtension.swift; sourceTree = "<group>"; };
		C1F008AB29DE41C00084D368 /* Block.swift */ = {isa = PBXFileReference; lastKnownFileType = sourcecode.swift; path = Block.swift; sourceTree = "<group>"; };
/* End PBXFileReference section */

/* Begin PBXFrameworksBuildPhase section */
		C1A0926229D66706007750FA /* Frameworks */ = {
			isa = PBXFrameworksBuildPhase;
			buildActionMask = 2147483647;
			files = (
			);
			runOnlyForDeploymentPostprocessing = 0;
		};
/* End PBXFrameworksBuildPhase section */

/* Begin PBXGroup section */
		C1023C0029E1220F000B2E89 /* Helpers */ = {
			isa = PBXGroup;
			children = (
				C10BC4BC29E7504800A093EB /* CellData.swift */,
				C1C6823729F3A3C900146D2E /* Play.swift */,
				C1023C0129E1226F000B2E89 /* Shuffle.swift */,
				C1C6823929F3A41300146D2E /* Stack.swift */,
				C176A8AF2A047B85001A29D6 /* StyledText.swift */,
				C19B15BB29F87BF900D885C0 /* Sudoku */,
			);
			name = Helpers;
			sourceTree = "<group>";
		};
		C10A0CFF29D88B7000CB0952 /* Infrastructure */ = {
			isa = PBXGroup;
			children = (
				C1A0926C29D66707007750FA /* Assets.xcassets */,
				C1A0926E29D66707007750FA /* Preview Content */,
				C1A0926829D66706007750FA /* SudokuGeneratorApp.swift */,
			);
			name = Infrastructure;
			sourceTree = "<group>";
		};
		C10A0D0129D88B9A00CB0952 /* Views */ = {
			isa = PBXGroup;
			children = (
				C1F008AB29DE41C00084D368 /* Block.swift */,
				C10A0D0729D88E0600CB0952 /* Board.swift */,
				C10A0CFD29D88A2500CB0952 /* Cell.swift */,
				C1A0926A29D66706007750FA /* ContentView.swift */,
				C1023BFC29E0EAA5000B2E89 /* Source.swift */,
				C1023BFE29E11B91000B2E89 /* SourceCell.swift */,
			);
			name = Views;
			sourceTree = "<group>";
		};
		C10A0D0429D88D9B00CB0952 /* ViewModels */ = {
			isa = PBXGroup;
			children = (
				C10A0D0529D88DB300CB0952 /* ViewModel.swift */,
			);
			name = ViewModels;
			sourceTree = "<group>";
		};
		C19B15BB29F87BF900D885C0 /* Sudoku */ = {
			isa = PBXGroup;
			children = (
				C18FC48629FC6FAA00D54336 /* Sudoku.swift */,
				C19B15C629F9AB1400D885C0 /* xAlgorithmX.swift */,
				C19B15C229F9A81B00D885C0 /* xColumnID.swift */,
				C19B15C029F9A78400D885C0 /* xColumnNode.swift */,
				C19B15C429F9AA4200D885C0 /* xMain.swift */,
				C19B15BE29F9A71300D885C0 /* xNode.swift */,
				C19B15BC29F87C2600D885C0 /* xSudoku.swift */,
			);
			name = Sudoku;
			sourceTree = "<group>";
		};
		C1A0925C29D66706007750FA = {
			isa = PBXGroup;
			children = (
				C1A0926729D66706007750FA /* SudokuGenerator */,
				C1A0926629D66706007750FA /* Products */,
			);
			sourceTree = "<group>";
		};
		C1A0926629D66706007750FA /* Products */ = {
			isa = PBXGroup;
			children = (
				C1A0926529D66706007750FA /* SudokuGenerator.app */,
			);
			name = Products;
			sourceTree = "<group>";
		};
		C1A0926729D66706007750FA /* SudokuGenerator */ = {
			isa = PBXGroup;
			children = (
				C1CD3D0229DCE53D00C1FF96 /* Extensions */,
				C1023C0029E1220F000B2E89 /* Helpers */,
				C10A0CFF29D88B7000CB0952 /* Infrastructure */,
				C10A0D0429D88D9B00CB0952 /* ViewModels */,
				C10A0D0129D88B9A00CB0952 /* Views */,
			);
			path = SudokuGenerator;
			sourceTree = "<group>";
		};
		C1A0926E29D66707007750FA /* Preview Content */ = {
			isa = PBXGroup;
			children = (
				C1A0926F29D66707007750FA /* Preview Assets.xcassets */,
			);
			path = "Preview Content";
			sourceTree = "<group>";
		};
		C1CD3D0229DCE53D00C1FF96 /* Extensions */ = {
			isa = PBXGroup;
			children = (
				C16EB9CD29DF80A500AFFED8 /* BlockExtension.swift */,
				C1CD3D0329DCE56E00C1FF96 /* BoardExtension.swift */,
				C1CD3D0729DCE5F400C1FF96 /* CellExtension.swift */,
				C1023BFA29E0D258000B2E89 /* ColorExtension.swift */,
			);
			name = Extensions;
			sourceTree = "<group>";
		};
/* End PBXGroup section */

/* Begin PBXNativeTarget section */
		C1A0926429D66706007750FA /* SudokuGenerator */ = {
			isa = PBXNativeTarget;
			buildConfigurationList = C1A0927329D66707007750FA /* Build configuration list for PBXNativeTarget "SudokuGenerator" */;
			buildPhases = (
				C1A0926129D66706007750FA /* Sources */,
				C1A0926229D66706007750FA /* Frameworks */,
				C1A0926329D66706007750FA /* Resources */,
			);
			buildRules = (
			);
			dependencies = (
			);
			name = SudokuGenerator;
			productName = SudokuGenerator;
			productReference = C1A0926529D66706007750FA /* SudokuGenerator.app */;
			productType = "com.apple.product-type.application";
		};
/* End PBXNativeTarget section */

/* Begin PBXProject section */
		C1A0925D29D66706007750FA /* Project object */ = {
			isa = PBXProject;
			attributes = {
				BuildIndependentTargetsInParallel = 1;
				LastSwiftUpdateCheck = 1430;
				LastUpgradeCheck = 1430;
				TargetAttributes = {
					C1A0926429D66706007750FA = {
						CreatedOnToolsVersion = 14.3;
					};
				};
			};
			buildConfigurationList = C1A0926029D66706007750FA /* Build configuration list for PBXProject "SudokuGenerator" */;
			compatibilityVersion = "Xcode 14.0";
			developmentRegion = en;
			hasScannedForEncodings = 0;
			knownRegions = (
				en,
				Base,
			);
			mainGroup = C1A0925C29D66706007750FA;
			productRefGroup = C1A0926629D66706007750FA /* Products */;
			projectDirPath = "";
			projectRoot = "";
			targets = (
				C1A0926429D66706007750FA /* SudokuGenerator */,
			);
		};
/* End PBXProject section */

/* Begin PBXResourcesBuildPhase section */
		C1A0926329D66706007750FA /* Resources */ = {
			isa = PBXResourcesBuildPhase;
			buildActionMask = 2147483647;
			files = (
				C1A0927029D66707007750FA /* Preview Assets.xcassets in Resources */,
				C1A0926D29D66707007750FA /* Assets.xcassets in Resources */,
			);
			runOnlyForDeploymentPostprocessing = 0;
		};
/* End PBXResourcesBuildPhase section */

/* Begin PBXSourcesBuildPhase section */
		C1A0926129D66706007750FA /* Sources */ = {
			isa = PBXSourcesBuildPhase;
			buildActionMask = 2147483647;
			files = (
				C19B15C729F9AB1400D885C0 /* xAlgorithmX.swift in Sources */,
				C19B15C329F9A81B00D885C0 /* xColumnID.swift in Sources */,
				C10A0D0829D88E0600CB0952 /* Board.swift in Sources */,
				C1023C0229E1226F000B2E89 /* Shuffle.swift in Sources */,
				C16EB9CE29DF80A500AFFED8 /* BlockExtension.swift in Sources */,
				C19B15C129F9A78400D885C0 /* xColumnNode.swift in Sources */,
				C18FC48729FC6FAA00D54336 /* Sudoku.swift in Sources */,
				C19B15BF29F9A71300D885C0 /* xNode.swift in Sources */,
				C10A0D0629D88DB300CB0952 /* ViewModel.swift in Sources */,
				C1CD3D0829DCE5F400C1FF96 /* CellExtension.swift in Sources */,
				C1023BFF29E11B91000B2E89 /* SourceCell.swift in Sources */,
				C1023BFD29E0EAA5000B2E89 /* Source.swift in Sources */,
				C1CD3D0429DCE56E00C1FF96 /* BoardExtension.swift in Sources */,
				C1A0926B29D66706007750FA /* ContentView.swift in Sources */,
				C19B15C529F9AA4200D885C0 /* xMain.swift in Sources */,
				C1F008AC29DE41C00084D368 /* Block.swift in Sources */,
				C1A0926929D66706007750FA /* SudokuGeneratorApp.swift in Sources */,
				C10BC4BD29E7504800A093EB /* CellData.swift in Sources */,
				C19B15BD29F87C2600D885C0 /* xSudoku.swift in Sources */,
				C1C6823A29F3A41300146D2E /* Stack.swift in Sources */,
				C10A0CFE29D88A2500CB0952 /* Cell.swift in Sources */,
				C176A8B02A047B85001A29D6 /* StyledText.swift in Sources */,
				C1023BFB29E0D258000B2E89 /* ColorExtension.swift in Sources */,
				C1C6823829F3A3C900146D2E /* Play.swift in Sources */,
			);
			runOnlyForDeploymentPostprocessing = 0;
		};
/* End PBXSourcesBuildPhase section */

/* Begin XCBuildConfiguration section */
		C1A0927129D66707007750FA /* Debug */ = {
			isa = XCBuildConfiguration;
			buildSettings = {
				ALWAYS_SEARCH_USER_PATHS = NO;
				CLANG_ANALYZER_NONNULL = YES;
				CLANG_ANALYZER_NUMBER_OBJECT_CONVERSION = YES_AGGRESSIVE;
				CLANG_CXX_LANGUAGE_STANDARD = "gnu++20";
				CLANG_ENABLE_MODULES = YES;
				CLANG_ENABLE_OBJC_ARC = YES;
				CLANG_ENABLE_OBJC_WEAK = YES;
				CLANG_WARN_BLOCK_CAPTURE_AUTORELEASING = YES;
				CLANG_WARN_BOOL_CONVERSION = YES;
				CLANG_WARN_COMMA = YES;
				CLANG_WARN_CONSTANT_CONVERSION = YES;
				CLANG_WARN_DEPRECATED_OBJC_IMPLEMENTATIONS = YES;
				CLANG_WARN_DIRECT_OBJC_ISA_USAGE = YES_ERROR;
				CLANG_WARN_DOCUMENTATION_COMMENTS = YES;
				CLANG_WARN_EMPTY_BODY = YES;
				CLANG_WARN_ENUM_CONVERSION = YES;
				CLANG_WARN_INFINITE_RECURSION = YES;
				CLANG_WARN_INT_CONVERSION = YES;
				CLANG_WARN_NON_LITERAL_NULL_CONVERSION = YES;
				CLANG_WARN_OBJC_IMPLICIT_RETAIN_SELF = YES;
				CLANG_WARN_OBJC_LITERAL_CONVERSION = YES;
				CLANG_WARN_OBJC_ROOT_CLASS = YES_ERROR;
				CLANG_WARN_QUOTED_INCLUDE_IN_FRAMEWORK_HEADER = YES;
				CLANG_WARN_RANGE_LOOP_ANALYSIS = YES;
				CLANG_WARN_STRICT_PROTOTYPES = YES;
				CLANG_WARN_SUSPICIOUS_MOVE = YES;
				CLANG_WARN_UNGUARDED_AVAILABILITY = YES_AGGRESSIVE;
				CLANG_WARN_UNREACHABLE_CODE = YES;
				CLANG_WARN__DUPLICATE_METHOD_MATCH = YES;
				COPY_PHASE_STRIP = NO;
				DEBUG_INFORMATION_FORMAT = dwarf;
				ENABLE_STRICT_OBJC_MSGSEND = YES;
				ENABLE_TESTABILITY = YES;
				GCC_C_LANGUAGE_STANDARD = gnu11;
				GCC_DYNAMIC_NO_PIC = NO;
				GCC_NO_COMMON_BLOCKS = YES;
				GCC_OPTIMIZATION_LEVEL = 0;
				GCC_PREPROCESSOR_DEFINITIONS = (
					"DEBUG=1",
					"$(inherited)",
				);
				GCC_WARN_64_TO_32_BIT_CONVERSION = YES;
				GCC_WARN_ABOUT_RETURN_TYPE = YES_ERROR;
				GCC_WARN_UNDECLARED_SELECTOR = YES;
				GCC_WARN_UNINITIALIZED_AUTOS = YES_AGGRESSIVE;
				GCC_WARN_UNUSED_FUNCTION = YES;
				GCC_WARN_UNUSED_VARIABLE = YES;
				IPHONEOS_DEPLOYMENT_TARGET = 16.4;
				MTL_ENABLE_DEBUG_INFO = INCLUDE_SOURCE;
				MTL_FAST_MATH = YES;
				ONLY_ACTIVE_ARCH = YES;
				SDKROOT = iphoneos;
				SWIFT_ACTIVE_COMPILATION_CONDITIONS = DEBUG;
				SWIFT_OPTIMIZATION_LEVEL = "-Onone";
			};
			name = Debug;
		};
		C1A0927229D66707007750FA /* Release */ = {
			isa = XCBuildConfiguration;
			buildSettings = {
				ALWAYS_SEARCH_USER_PATHS = NO;
				CLANG_ANALYZER_NONNULL = YES;
				CLANG_ANALYZER_NUMBER_OBJECT_CONVERSION = YES_AGGRESSIVE;
				CLANG_CXX_LANGUAGE_STANDARD = "gnu++20";
				CLANG_ENABLE_MODULES = YES;
				CLANG_ENABLE_OBJC_ARC = YES;
				CLANG_ENABLE_OBJC_WEAK = YES;
				CLANG_WARN_BLOCK_CAPTURE_AUTORELEASING = YES;
				CLANG_WARN_BOOL_CONVERSION = YES;
				CLANG_WARN_COMMA = YES;
				CLANG_WARN_CONSTANT_CONVERSION = YES;
				CLANG_WARN_DEPRECATED_OBJC_IMPLEMENTATIONS = YES;
				CLANG_WARN_DIRECT_OBJC_ISA_USAGE = YES_ERROR;
				CLANG_WARN_DOCUMENTATION_COMMENTS = YES;
				CLANG_WARN_EMPTY_BODY = YES;
				CLANG_WARN_ENUM_CONVERSION = YES;
				CLANG_WARN_INFINITE_RECURSION = YES;
				CLANG_WARN_INT_CONVERSION = YES;
				CLANG_WARN_NON_LITERAL_NULL_CONVERSION = YES;
				CLANG_WARN_OBJC_IMPLICIT_RETAIN_SELF = YES;
				CLANG_WARN_OBJC_LITERAL_CONVERSION = YES;
				CLANG_WARN_OBJC_ROOT_CLASS = YES_ERROR;
				CLANG_WARN_QUOTED_INCLUDE_IN_FRAMEWORK_HEADER = YES;
				CLANG_WARN_RANGE_LOOP_ANALYSIS = YES;
				CLANG_WARN_STRICT_PROTOTYPES = YES;
				CLANG_WARN_SUSPICIOUS_MOVE = YES;
				CLANG_WARN_UNGUARDED_AVAILABILITY = YES_AGGRESSIVE;
				CLANG_WARN_UNREACHABLE_CODE = YES;
				CLANG_WARN__DUPLICATE_METHOD_MATCH = YES;
				COPY_PHASE_STRIP = NO;
				DEBUG_INFORMATION_FORMAT = "dwarf-with-dsym";
				ENABLE_NS_ASSERTIONS = NO;
				ENABLE_STRICT_OBJC_MSGSEND = YES;
				GCC_C_LANGUAGE_STANDARD = gnu11;
				GCC_NO_COMMON_BLOCKS = YES;
				GCC_WARN_64_TO_32_BIT_CONVERSION = YES;
				GCC_WARN_ABOUT_RETURN_TYPE = YES_ERROR;
				GCC_WARN_UNDECLARED_SELECTOR = YES;
				GCC_WARN_UNINITIALIZED_AUTOS = YES_AGGRESSIVE;
				GCC_WARN_UNUSED_FUNCTION = YES;
				GCC_WARN_UNUSED_VARIABLE = YES;
				IPHONEOS_DEPLOYMENT_TARGET = 16.4;
				MTL_ENABLE_DEBUG_INFO = NO;
				MTL_FAST_MATH = YES;
				SDKROOT = iphoneos;
				SWIFT_COMPILATION_MODE = wholemodule;
				SWIFT_OPTIMIZATION_LEVEL = "-O";
				VALIDATE_PRODUCT = YES;
			};
			name = Release;
		};
		C1A0927429D66707007750FA /* Debug */ = {
			isa = XCBuildConfiguration;
			buildSettings = {
				ASSETCATALOG_COMPILER_APPICON_NAME = AppIcon;
				ASSETCATALOG_COMPILER_GLOBAL_ACCENT_COLOR_NAME = AccentColor;
				CODE_SIGN_STYLE = Automatic;
				CURRENT_PROJECT_VERSION = 1;
				DEVELOPMENT_ASSET_PATHS = "\"SudokuGenerator/Preview Content\"";
				DEVELOPMENT_TEAM = GA4L9A4FGA;
				ENABLE_PREVIEWS = YES;
				GENERATE_INFOPLIST_FILE = YES;
				INFOPLIST_KEY_UIApplicationSceneManifest_Generation = YES;
				INFOPLIST_KEY_UIApplicationSupportsIndirectInputEvents = YES;
				INFOPLIST_KEY_UILaunchScreen_Generation = YES;
				INFOPLIST_KEY_UISupportedInterfaceOrientations = UIInterfaceOrientationPortrait;
				LD_RUNPATH_SEARCH_PATHS = (
					"$(inherited)",
					"@executable_path/Frameworks",
				);
				MARKETING_VERSION = 1.0;
				PRODUCT_BUNDLE_IDENTIFIER = com.storkebrothers.SudokuGenerator;
				PRODUCT_NAME = "$(TARGET_NAME)";
				SWIFT_EMIT_LOC_STRINGS = YES;
				SWIFT_VERSION = 5.0;
				TARGETED_DEVICE_FAMILY = "1,2";
			};
			name = Debug;
		};
		C1A0927529D66707007750FA /* Release */ = {
			isa = XCBuildConfiguration;
			buildSettings = {
				ASSETCATALOG_COMPILER_APPICON_NAME = AppIcon;
				ASSETCATALOG_COMPILER_GLOBAL_ACCENT_COLOR_NAME = AccentColor;
				CODE_SIGN_STYLE = Automatic;
				CURRENT_PROJECT_VERSION = 1;
				DEVELOPMENT_ASSET_PATHS = "\"SudokuGenerator/Preview Content\"";
				DEVELOPMENT_TEAM = GA4L9A4FGA;
				ENABLE_PREVIEWS = YES;
				GENERATE_INFOPLIST_FILE = YES;
				INFOPLIST_KEY_UIApplicationSceneManifest_Generation = YES;
				INFOPLIST_KEY_UIApplicationSupportsIndirectInputEvents = YES;
				INFOPLIST_KEY_UILaunchScreen_Generation = YES;
				INFOPLIST_KEY_UISupportedInterfaceOrientations = UIInterfaceOrientationPortrait;
				LD_RUNPATH_SEARCH_PATHS = (
					"$(inherited)",
					"@executable_path/Frameworks",
				);
				MARKETING_VERSION = 1.0;
				PRODUCT_BUNDLE_IDENTIFIER = com.storkebrothers.SudokuGenerator;
				PRODUCT_NAME = "$(TARGET_NAME)";
				SWIFT_EMIT_LOC_STRINGS = YES;
				SWIFT_VERSION = 5.0;
				TARGETED_DEVICE_FAMILY = "1,2";
			};
			name = Release;
		};
/* End XCBuildConfiguration section */

/* Begin XCConfigurationList section */
		C1A0926029D66706007750FA /* Build configuration list for PBXProject "SudokuGenerator" */ = {
			isa = XCConfigurationList;
			buildConfigurations = (
				C1A0927129D66707007750FA /* Debug */,
				C1A0927229D66707007750FA /* Release */,
			);
			defaultConfigurationIsVisible = 0;
			defaultConfigurationName = Release;
		};
		C1A0927329D66707007750FA /* Build configuration list for PBXNativeTarget "SudokuGenerator" */ = {
			isa = XCConfigurationList;
			buildConfigurations = (
				C1A0927429D66707007750FA /* Debug */,
				C1A0927529D66707007750FA /* Release */,
			);
			defaultConfigurationIsVisible = 0;
			defaultConfigurationName = Release;
		};
/* End XCConfigurationList section */
	};
	rootObject = C1A0925D29D66706007750FA /* Project object */;
}
